Microsoft Visual Studio Solution File, Format Version 9.00
# Visual Studio 2005
Project("{FAE04EC0-301F-11D3-BF4B-00C04F79EFBC}") = "OpenSim.Terrain.BasicTerrain", "OpenSim\OpenSim.Terrain.BasicTerrain\OpenSim.Terrain.BasicTerrain.csproj", "{2270B8FE-0000-0000-0000-000000000000}"
EndProject
Project("{FAE04EC0-301F-11D3-BF4B-00C04F79EFBC}") = "OpenSim.Storage.LocalStorageBerkeleyDB", "OpenSim\OpenSim.Storage\LocalStorageBerkeleyDB\OpenSim.Storage.LocalStorageBerkeleyDB.csproj", "{EE9E5D96-0000-0000-0000-000000000000}"
EndProject
Project("{FAE04EC0-301F-11D3-BF4B-00C04F79EFBC}") = "OpenSim.Physics.OdePlugin", "OpenSim\OpenSim.Physics\OdePlugin\OpenSim.Physics.OdePlugin.csproj", "{63A05FE9-0000-0000-0000-000000000000}"
EndProject
Project("{FAE04EC0-301F-11D3-BF4B-00C04F79EFBC}") = "OpenSim.Framework.Console", "Common\OpenSim.Framework.Console\OpenSim.Framework.Console.csproj", "{A7CD0630-0000-0000-0000-000000000000}"
EndProject
Project("{FAE04EC0-301F-11D3-BF4B-00C04F79EFBC}") = "OpenSim", "OpenSim\OpenSim\OpenSim.csproj", "{438A9556-0000-0000-0000-000000000000}"
EndProject
Project("{FAE04EC0-301F-11D3-BF4B-00C04F79EFBC}") = "OpenSim.RegionServer", "OpenSim\OpenSim.RegionServer\OpenSim.RegionServer.csproj", "{632E1BFD-0000-0000-0000-000000000000}"
EndProject
Project("{FAE04EC0-301F-11D3-BF4B-00C04F79EFBC}") = "OpenSim.GenericConfig.Xml", "Common\OpenSim.GenericConfig\Xml\OpenSim.GenericConfig.Xml.csproj", "{E88EF749-0000-0000-0000-000000000000}"
EndProject
Project("{FAE04EC0-301F-11D3-BF4B-00C04F79EFBC}") = "OpenSim.Physics.Manager", "OpenSim\OpenSim.Physics\Manager\OpenSim.Physics.Manager.csproj", "{8BE16150-0000-0000-0000-000000000000}"
EndProject
Project("{FAE04EC0-301F-11D3-BF4B-00C04F79EFBC}") = "OpenSim.Physics.BasicPhysicsPlugin", "OpenSim\OpenSim.Physics\BasicPhysicsPlugin\OpenSim.Physics.BasicPhysicsPlugin.csproj", "{4F874463-0000-0000-0000-000000000000}"
EndProject
Project("{FAE04EC0-301F-11D3-BF4B-00C04F79EFBC}") = "OpenSim.Physics.PhysXPlugin", "OpenSim\OpenSim.Physics\PhysXPlugin\OpenSim.Physics.PhysXPlugin.csproj", "{988F0AC4-0000-0000-0000-000000000000}"
EndProject
Project("{FAE04EC0-301F-11D3-BF4B-00C04F79EFBC}") = "OpenSim.GridInterfaces.Remote", "OpenSim\OpenSim.GridInterfaces\Remote\OpenSim.GridInterfaces.Remote.csproj", "{B55C0B5D-0000-0000-0000-000000000000}"
EndProject
Project("{FAE04EC0-301F-11D3-BF4B-00C04F79EFBC}") = "OpenSim.Framework", "Common\OpenSim.Framework\OpenSim.Framework.csproj", "{8ACA2445-0000-0000-0000-000000000000}"
EndProject
Project("{FAE04EC0-301F-11D3-BF4B-00C04F79EFBC}") = "OpenSim.Servers", "Common\OpenSim.Servers\OpenSim.Servers.csproj", "{8BB20F0A-0000-0000-0000-000000000000}"
EndProject
Project("{FAE04EC0-301F-11D3-BF4B-00C04F79EFBC}") = "OpenSim.Storage.LocalStorageDb4o", "OpenSim\OpenSim.Storage\LocalStorageDb4o\OpenSim.Storage.LocalStorageDb4o.csproj", "{E1B79ECF-0000-0000-0000-000000000000}"
EndProject
Project("{FAE04EC0-301F-11D3-BF4B-00C04F79EFBC}") = "OpenSim.Storage.LocalStorageSQLite", "OpenSim\OpenSim.Storage\LocalStorageSQLite\OpenSim.Storage.LocalStorageSQLite.csproj", "{6B20B603-0000-0000-0000-000000000000}"
EndProject
Project("{FAE04EC0-301F-11D3-BF4B-00C04F79EFBC}") = "OpenSim.Scripting.EmbeddedJVM", "OpenSim\OpenSim.Scripting\EmbeddedJVM\OpenSim.Scripting.EmbeddedJVM.csproj", "{97A82740-0000-0000-0000-000000000000}"
EndProject
Project("{FAE04EC0-301F-11D3-BF4B-00C04F79EFBC}") = "OpenSim.GridInterfaces.Local", "OpenSim\OpenSim.GridInterfaces\Local\OpenSim.GridInterfaces.Local.csproj", "{546099CD-0000-0000-0000-000000000000}"
EndProject
Project("{FAE04EC0-301F-11D3-BF4B-00C04F79EFBC}") = "XMLRPC", "Common\XmlRpcCS\XMLRPC.csproj", "{8E81D43C-0000-0000-0000-000000000000}"
EndProject
Global
  GlobalSection(SolutionConfigurationPlatforms) = preSolution
    Debug|Any CPU = Debug|Any CPU
    Release|Any CPU = Release|Any CPU
  EndGlobalSection
  GlobalSection(ProjectDependencies) = postSolution
    ({EE9E5D96-0000-0000-0000-000000000000}).6 = ({8ACA2445-0000-0000-0000-000000000000})
    ({EE9E5D96-0000-0000-0000-000000000000}).7 = ({A7CD0630-0000-0000-0000-000000000000})
    ({63A05FE9-0000-0000-0000-000000000000}).2 = ({8BE16150-0000-0000-0000-000000000000})
    ({438A9556-0000-0000-0000-000000000000}).5 = ({2270B8FE-0000-0000-0000-000000000000})
    ({438A9556-0000-0000-0000-000000000000}).6 = ({8ACA2445-0000-0000-0000-000000000000})
    ({438A9556-0000-0000-0000-000000000000}).7 = ({A7CD0630-0000-0000-0000-000000000000})
    ({438A9556-0000-0000-0000-000000000000}).8 = ({8BE16150-0000-0000-0000-000000000000})
    ({438A9556-0000-0000-0000-000000000000}).9 = ({8BB20F0A-0000-0000-0000-000000000000})
    ({438A9556-0000-0000-0000-000000000000}).10 = ({632E1BFD-0000-0000-0000-000000000000})
    ({438A9556-0000-0000-0000-000000000000}).11 = ({E88EF749-0000-0000-0000-000000000000})
    ({438A9556-0000-0000-0000-000000000000}).12 = ({8E81D43C-0000-0000-0000-000000000000})
    ({632E1BFD-0000-0000-0000-000000000000}).5 = ({2270B8FE-0000-0000-0000-000000000000})
    ({632E1BFD-0000-0000-0000-000000000000}).6 = ({8ACA2445-0000-0000-0000-000000000000})
    ({632E1BFD-0000-0000-0000-000000000000}).7 = ({A7CD0630-0000-0000-0000-000000000000})
    ({632E1BFD-0000-0000-0000-000000000000}).8 = ({E88EF749-0000-0000-0000-000000000000})
    ({632E1BFD-0000-0000-0000-000000000000}).9 = ({8BE16150-0000-0000-0000-000000000000})
    ({632E1BFD-0000-0000-0000-000000000000}).10 = ({8BB20F0A-0000-0000-0000-000000000000})
    ({632E1BFD-0000-0000-0000-000000000000}).11 = ({8E81D43C-0000-0000-0000-000000000000})
    ({E88EF749-0000-0000-0000-000000000000}).2 = ({8ACA2445-0000-0000-0000-000000000000})
    ({8BE16150-0000-0000-0000-000000000000}).3 = ({8ACA2445-0000-0000-0000-000000000000})
    ({8BE16150-0000-0000-0000-000000000000}).4 = ({A7CD0630-0000-0000-0000-000000000000})
    ({4F874463-0000-0000-0000-000000000000}).2 = ({8BE16150-0000-0000-0000-000000000000})
    ({988F0AC4-0000-0000-0000-000000000000}).3 = ({8BE16150-0000-0000-0000-000000000000})
    ({B55C0B5D-0000-0000-0000-000000000000}).3 = ({8ACA2445-0000-0000-0000-000000000000})
    ({B55C0B5D-0000-0000-0000-000000000000}).4 = ({A7CD0630-0000-0000-0000-000000000000})
    ({B55C0B5D-0000-0000-0000-000000000000}).5 = ({8E81D43C-0000-0000-0000-000000000000})
    ({8ACA2445-0000-0000-0000-000000000000}).4 = ({8E81D43C-0000-0000-0000-000000000000})
    ({8BB20F0A-0000-0000-0000-000000000000}).2 = ({8ACA2445-0000-0000-0000-000000000000})
    ({8BB20F0A-0000-0000-0000-000000000000}).3 = ({A7CD0630-0000-0000-0000-000000000000})
    ({8BB20F0A-0000-0000-0000-000000000000}).5 = ({8E81D43C-0000-0000-0000-000000000000})
    ({E1B79ECF-0000-0000-0000-000000000000}).4 = ({8ACA2445-0000-0000-0000-000000000000})
    ({E1B79ECF-0000-0000-0000-000000000000}).5 = ({A7CD0630-0000-0000-0000-000000000000})
    ({6B20B603-0000-0000-0000-000000000000}).5 = ({8ACA2445-0000-0000-0000-000000000000})
    ({6B20B603-0000-0000-0000-000000000000}).6 = ({A7CD0630-0000-0000-0000-000000000000})
    ({97A82740-0000-0000-0000-000000000000}).2 = ({8ACA2445-0000-0000-0000-000000000000})
    ({546099CD-0000-0000-0000-000000000000}).4 = ({8ACA2445-0000-0000-0000-000000000000})
    ({546099CD-0000-0000-0000-000000000000}).5 = ({A7CD0630-0000-0000-0000-000000000000})
  EndGlobalSection
  GlobalSection(ProjectConfigurationPlatforms) = postSolution
    {2270B8FE-0000-0000-0000-000000000000}.Debug|Any CPU.ActiveCfg = Debug|Any CPU
    {2270B8FE-0000-0000-0000-000000000000}.Debug|Any CPU.Build.0 = Debug|Any CPU
    {2270B8FE-0000-0000-0000-000000000000}.Release|Any CPU.ActiveCfg = Release|Any CPU
    {2270B8FE-0000-0000-0000-000000000000}.Release|Any CPU.Build.0 = Release|Any CPU
    {EE9E5D96-0000-0000-0000-000000000000}.Debug|Any CPU.ActiveCfg = Debug|Any CPU
    {EE9E5D96-0000-0000-0000-000000000000}.Debug|Any CPU.Build.0 = Debug|Any CPU
    {EE9E5D96-0000-0000-0000-000000000000}.Release|Any CPU.ActiveCfg = Release|Any CPU
    {EE9E5D96-0000-0000-0000-000000000000}.Release|Any CPU.Build.0 = Release|Any CPU
    {63A05FE9-0000-0000-0000-000000000000}.Debug|Any CPU.ActiveCfg = Debug|Any CPU
    {63A05FE9-0000-0000-0000-000000000000}.Debug|Any CPU.Build.0 = Debug|Any CPU
    {63A05FE9-0000-0000-0000-000000000000}.Release|Any CPU.ActiveCfg = Release|Any CPU
    {63A05FE9-0000-0000-0000-000000000000}.Release|Any CPU.Build.0 = Release|Any CPU
    {A7CD0630-0000-0000-0000-000000000000}.Debug|Any CPU.ActiveCfg = Debug|Any CPU
    {A7CD0630-0000-0000-0000-000000000000}.Debug|Any CPU.Build.0 = Debug|Any CPU
    {A7CD0630-0000-0000-0000-000000000000}.Release|Any CPU.ActiveCfg = Release|Any CPU
    {A7CD0630-0000-0000-0000-000000000000}.Release|Any CPU.Build.0 = Release|Any CPU
    {438A9556-0000-0000-0000-000000000000}.Debug|Any CPU.ActiveCfg = Debug|Any CPU
    {438A9556-0000-0000-0000-000000000000}.Debug|Any CPU.Build.0 = Debug|Any CPU
    {438A9556-0000-0000-0000-000000000000}.Release|Any CPU.ActiveCfg = Release|Any CPU
    {438A9556-0000-0000-0000-000000000000}.Release|Any CPU.Build.0 = Release|Any CPU
    {632E1BFD-0000-0000-0000-000000000000}.Debug|Any CPU.ActiveCfg = Debug|Any CPU
    {632E1BFD-0000-0000-0000-000000000000}.Debug|Any CPU.Build.0 = Debug|Any CPU
    {632E1BFD-0000-0000-0000-000000000000}.Release|Any CPU.ActiveCfg = Release|Any CPU
    {632E1BFD-0000-0000-0000-000000000000}.Release|Any CPU.Build.0 = Release|Any CPU
    {E88EF749-0000-0000-0000-000000000000}.Debug|Any CPU.ActiveCfg = Debug|Any CPU
    {E88EF749-0000-0000-0000-000000000000}.Debug|Any CPU.Build.0 = Debug|Any CPU
    {E88EF749-0000-0000-0000-000000000000}.Release|Any CPU.ActiveCfg = Release|Any CPU
    {E88EF749-0000-0000-0000-000000000000}.Release|Any CPU.Build.0 = Release|Any CPU
    {8BE16150-0000-0000-0000-000000000000}.Debug|Any CPU.ActiveCfg = Debug|Any CPU
    {8BE16150-0000-0000-0000-000000000000}.Debug|Any CPU.Build.0 = Debug|Any CPU
    {8BE16150-0000-0000-0000-000000000000}.Release|Any CPU.ActiveCfg = Release|Any CPU
    {8BE16150-0000-0000-0000-000000000000}.Release|Any CPU.Build.0 = Release|Any CPU
    {4F874463-0000-0000-0000-000000000000}.Debug|Any CPU.ActiveCfg = Debug|Any CPU
    {4F874463-0000-0000-0000-000000000000}.Debug|Any CPU.Build.0 = Debug|Any CPU
    {4F874463-0000-0000-0000-000000000000}.Release|Any CPU.ActiveCfg = Release|Any CPU
    {4F874463-0000-0000-0000-000000000000}.Release|Any CPU.Build.0 = Release|Any CPU
    {988F0AC4-0000-0000-0000-000000000000}.Debug|Any CPU.ActiveCfg = Debug|Any CPU
    {988F0AC4-0000-0000-0000-000000000000}.Debug|Any CPU.Build.0 = Debug|Any CPU
    {988F0AC4-0000-0000-0000-000000000000}.Release|Any CPU.ActiveCfg = Release|Any CPU
    {988F0AC4-0000-0000-0000-000000000000}.Release|Any CPU.Build.0 = Release|Any CPU
    {B55C0B5D-0000-0000-0000-000000000000}.Debug|Any CPU.ActiveCfg = Debug|Any CPU
    {B55C0B5D-0000-0000-0000-000000000000}.Debug|Any CPU.Build.0 = Debug|Any CPU
    {B55C0B5D-0000-0000-0000-000000000000}.Release|Any CPU.ActiveCfg = Release|Any CPU
    {B55C0B5D-0000-0000-0000-000000000000}.Release|Any CPU.Build.0 = Release|Any CPU
    {8ACA2445-0000-0000-0000-000000000000}.Debug|Any CPU.ActiveCfg = Debug|Any CPU
    {8ACA2445-0000-0000-0000-000000000000}.Debug|Any CPU.Build.0 = Debug|Any CPU
    {8ACA2445-0000-0000-0000-000000000000}.Release|Any CPU.ActiveCfg = Release|Any CPU
    {8ACA2445-0000-0000-0000-000000000000}.Release|Any CPU.Build.0 = Release|Any CPU
    {8BB20F0A-0000-0000-0000-000000000000}.Debug|Any CPU.ActiveCfg = Debug|Any CPU
    {8BB20F0A-0000-0000-0000-000000000000}.Debug|Any CPU.Build.0 = Debug|Any CPU
    {8BB20F0A-0000-0000-0000-000000000000}.Release|Any CPU.ActiveCfg = Release|Any CPU
    {8BB20F0A-0000-0000-0000-000000000000}.Release|Any CPU.Build.0 = Release|Any CPU
    {E1B79ECF-0000-0000-0000-000000000000}.Debug|Any CPU.ActiveCfg = Debug|Any CPU
    {E1B79ECF-0000-0000-0000-000000000000}.Debug|Any CPU.Build.0 = Debug|Any CPU
    {E1B79ECF-0000-0000-0000-000000000000}.Release|Any CPU.ActiveCfg = Release|Any CPU
    {E1B79ECF-0000-0000-0000-000000000000}.Release|Any CPU.Build.0 = Release|Any CPU
    {6B20B603-0000-0000-0000-000000000000}.Debug|Any CPU.ActiveCfg = Debug|Any CPU
    {6B20B603-0000-0000-0000-000000000000}.Debug|Any CPU.Build.0 = Debug|Any CPU
    {6B20B603-0000-0000-0000-000000000000}.Release|Any CPU.ActiveCfg = Release|Any CPU
    {6B20B603-0000-0000-0000-000000000000}.Release|Any CPU.Build.0 = Release|Any CPU
    {97A82740-0000-0000-0000-000000000000}.Debug|Any CPU.ActiveCfg = Debug|Any CPU
    {97A82740-0000-0000-0000-000000000000}.Debug|Any CPU.Build.0 = Debug|Any CPU
    {97A82740-0000-0000-0000-000000000000}.Release|Any CPU.ActiveCfg = Release|Any CPU
    {97A82740-0000-0000-0000-000000000000}.Release|Any CPU.Build.0 = Release|Any CPU
    {546099CD-0000-0000-0000-000000000000}.Debug|Any CPU.ActiveCfg = Debug|Any CPU
    {546099CD-0000-0000-0000-000000000000}.Debug|Any CPU.Build.0 = Debug|Any CPU
    {546099CD-0000-0000-0000-000000000000}.Release|Any CPU.ActiveCfg = Release|Any CPU
    {546099CD-0000-0000-0000-000000000000}.Release|Any CPU.Build.0 = Release|Any CPU
    {8E81D43C-0000-0000-0000-000000000000}.Debug|Any CPU.ActiveCfg = Debug|Any CPU
    {8E81D43C-0000-0000-0000-000000000000}.Debug|Any CPU.Build.0 = Debug|Any CPU
    {8E81D43C-0000-0000-0000-000000000000}.Release|Any CPU.ActiveCfg = Release|Any CPU
    {8E81D43C-0000-0000-0000-000000000000}.Release|Any CPU.Build.0 = Release|Any CPU
  EndGlobalSection
  GlobalSection(SolutionProperties) = preSolution
    HideSolutionNode = FALSE
  EndGlobalSection
EndGlobal
