Microsoft Visual Studio Solution File, Format Version 9.00
# Visual Studio 2005
Project("{FAE04EC0-301F-11D3-BF4B-00C04F79EFBC}") = "OpenGrid.Config.GridConfigDb4o", "OpenGridServices\OpenGrid.Config\GridConfigDb4o\OpenGrid.Config.GridConfigDb4o.csproj", "{B0027747-0000-0000-0000-000000000000}"
EndProject
Project("{FAE04EC0-301F-11D3-BF4B-00C04F79EFBC}") = "OpenGrid.Framework.Data", "OpenGridServices\OpenGrid.Framework.Data\OpenGrid.Framework.Data.csproj", "{62CDF671-0000-0000-0000-000000000000}"
EndProject
Project("{FAE04EC0-301F-11D3-BF4B-00C04F79EFBC}") = "OpenGrid.Framework.Data.DB4o", "OpenGridServices\OpenGrid.Framework.Data.DB4o\OpenGrid.Framework.Data.DB4o.csproj", "{39BD9497-0000-0000-0000-000000000000}"
EndProject
Project("{FAE04EC0-301F-11D3-BF4B-00C04F79EFBC}") = "OpenGrid.Framework.Data.MSSQL", "OpenGridServices\OpenGrid.Framework.Data.MSSQL\OpenGrid.Framework.Data.MSSQL.csproj", "{0A563AC1-0000-0000-0000-000000000000}"
EndProject
Project("{FAE04EC0-301F-11D3-BF4B-00C04F79EFBC}") = "OpenGrid.Framework.Data.MySQL", "OpenGridServices\OpenGrid.Framework.Data.MySQL\OpenGrid.Framework.Data.MySQL.csproj", "{0F3C3AC1-0000-0000-0000-000000000000}"
EndProject
Project("{FAE04EC0-301F-11D3-BF4B-00C04F79EFBC}") = "OpenGrid.Framework.Data.SQLite", "OpenGridServices\OpenGrid.Framework.Data.SQLite\OpenGrid.Framework.Data.SQLite.csproj", "{1E3F341A-0000-0000-0000-000000000000}"
EndProject
Project("{FAE04EC0-301F-11D3-BF4B-00C04F79EFBC}") = "OpenGrid.Framework.Manager", "OpenGridServices\OpenGrid.Framework.Manager\OpenGrid.Framework.Manager.csproj", "{7924FD35-0000-0000-0000-000000000000}"
EndProject
Project("{FAE04EC0-301F-11D3-BF4B-00C04F79EFBC}") = "OpenGridServices.AssetServer", "OpenGridServices\OpenGridServices.AssetServer\OpenGridServices.AssetServer.csproj", "{0021261B-0000-0000-0000-000000000000}"
EndProject
Project("{FAE04EC0-301F-11D3-BF4B-00C04F79EFBC}") = "OpenGridServices.GridServer", "OpenGridServices\OpenGridServices.GridServer\OpenGridServices.GridServer.csproj", "{21BFC8E2-0000-0000-0000-000000000000}"
EndProject
Project("{FAE04EC0-301F-11D3-BF4B-00C04F79EFBC}") = "OpenGridServices.UserServer", "OpenGridServices\OpenGridServices.UserServer\OpenGridServices.UserServer.csproj", "{66591469-0000-0000-0000-000000000000}"
EndProject
Project("{FAE04EC0-301F-11D3-BF4B-00C04F79EFBC}") = "OpenUser.Config.UserConfigDb4o", "OpenGridServices\OpenUser.Config\UserConfigDb4o\OpenUser.Config.UserConfigDb4o.csproj", "{7E494328-0000-0000-0000-000000000000}"
EndProject
Global
  GlobalSection(SolutionConfigurationPlatforms) = preSolution
    Debug|Any CPU = Debug|Any CPU
    Release|Any CPU = Release|Any CPU
  EndGlobalSection
  GlobalSection(ProjectDependencies) = postSolution
    ({39BD9497-0000-0000-0000-000000000000}).2 = ({62CDF671-0000-0000-0000-000000000000})
    ({0A563AC1-0000-0000-0000-000000000000}).1 = ({62CDF671-0000-0000-0000-000000000000})
    ({0F3C3AC1-0000-0000-0000-000000000000}).2 = ({62CDF671-0000-0000-0000-000000000000})
    ({1E3F341A-0000-0000-0000-000000000000}).1 = ({62CDF671-0000-0000-0000-000000000000})
    ({21BFC8E2-0000-0000-0000-000000000000}).2 = ({62CDF671-0000-0000-0000-000000000000})
    ({21BFC8E2-0000-0000-0000-000000000000}).3 = ({7924FD35-0000-0000-0000-000000000000})
    ({66591469-0000-0000-0000-000000000000}).2 = ({62CDF671-0000-0000-0000-000000000000})
  EndGlobalSection
  GlobalSection(ProjectConfigurationPlatforms) = postSolution
    {B0027747-0000-0000-0000-000000000000}.Debug|Any CPU.ActiveCfg = Debug|Any CPU
    {B0027747-0000-0000-0000-000000000000}.Debug|Any CPU.Build.0 = Debug|Any CPU
    {B0027747-0000-0000-0000-000000000000}.Release|Any CPU.ActiveCfg = Release|Any CPU
    {B0027747-0000-0000-0000-000000000000}.Release|Any CPU.Build.0 = Release|Any CPU
    {62CDF671-0000-0000-0000-000000000000}.Debug|Any CPU.ActiveCfg = Debug|Any CPU
    {62CDF671-0000-0000-0000-000000000000}.Debug|Any CPU.Build.0 = Debug|Any CPU
    {62CDF671-0000-0000-0000-000000000000}.Release|Any CPU.ActiveCfg = Release|Any CPU
    {62CDF671-0000-0000-0000-000000000000}.Release|Any CPU.Build.0 = Release|Any CPU
    {39BD9497-0000-0000-0000-000000000000}.Debug|Any CPU.ActiveCfg = Debug|Any CPU
    {39BD9497-0000-0000-0000-000000000000}.Debug|Any CPU.Build.0 = Debug|Any CPU
    {39BD9497-0000-0000-0000-000000000000}.Release|Any CPU.ActiveCfg = Release|Any CPU
    {39BD9497-0000-0000-0000-000000000000}.Release|Any CPU.Build.0 = Release|Any CPU
    {0A563AC1-0000-0000-0000-000000000000}.Debug|Any CPU.ActiveCfg = Debug|Any CPU
    {0A563AC1-0000-0000-0000-000000000000}.Debug|Any CPU.Build.0 = Debug|Any CPU
    {0A563AC1-0000-0000-0000-000000000000}.Release|Any CPU.ActiveCfg = Release|Any CPU
    {0A563AC1-0000-0000-0000-000000000000}.Release|Any CPU.Build.0 = Release|Any CPU
    {0F3C3AC1-0000-0000-0000-000000000000}.Debug|Any CPU.ActiveCfg = Debug|Any CPU
    {0F3C3AC1-0000-0000-0000-000000000000}.Debug|Any CPU.Build.0 = Debug|Any CPU
    {0F3C3AC1-0000-0000-0000-000000000000}.Release|Any CPU.ActiveCfg = Release|Any CPU
    {0F3C3AC1-0000-0000-0000-000000000000}.Release|Any CPU.Build.0 = Release|Any CPU
    {1E3F341A-0000-0000-0000-000000000000}.Debug|Any CPU.ActiveCfg = Debug|Any CPU
    {1E3F341A-0000-0000-0000-000000000000}.Debug|Any CPU.Build.0 = Debug|Any CPU
    {1E3F341A-0000-0000-0000-000000000000}.Release|Any CPU.ActiveCfg = Release|Any CPU
    {1E3F341A-0000-0000-0000-000000000000}.Release|Any CPU.Build.0 = Release|Any CPU
    {7924FD35-0000-0000-0000-000000000000}.Debug|Any CPU.ActiveCfg = Debug|Any CPU
    {7924FD35-0000-0000-0000-000000000000}.Debug|Any CPU.Build.0 = Debug|Any CPU
    {7924FD35-0000-0000-0000-000000000000}.Release|Any CPU.ActiveCfg = Release|Any CPU
    {7924FD35-0000-0000-0000-000000000000}.Release|Any CPU.Build.0 = Release|Any CPU
    {0021261B-0000-0000-0000-000000000000}.Debug|Any CPU.ActiveCfg = Debug|Any CPU
    {0021261B-0000-0000-0000-000000000000}.Debug|Any CPU.Build.0 = Debug|Any CPU
    {0021261B-0000-0000-0000-000000000000}.Release|Any CPU.ActiveCfg = Release|Any CPU
    {0021261B-0000-0000-0000-000000000000}.Release|Any CPU.Build.0 = Release|Any CPU
    {21BFC8E2-0000-0000-0000-000000000000}.Debug|Any CPU.ActiveCfg = Debug|Any CPU
    {21BFC8E2-0000-0000-0000-000000000000}.Debug|Any CPU.Build.0 = Debug|Any CPU
    {21BFC8E2-0000-0000-0000-000000000000}.Release|Any CPU.ActiveCfg = Release|Any CPU
    {21BFC8E2-0000-0000-0000-000000000000}.Release|Any CPU.Build.0 = Release|Any CPU
    {66591469-0000-0000-0000-000000000000}.Debug|Any CPU.ActiveCfg = Debug|Any CPU
    {66591469-0000-0000-0000-000000000000}.Debug|Any CPU.Build.0 = Debug|Any CPU
    {66591469-0000-0000-0000-000000000000}.Release|Any CPU.ActiveCfg = Release|Any CPU
    {66591469-0000-0000-0000-000000000000}.Release|Any CPU.Build.0 = Release|Any CPU
    {7E494328-0000-0000-0000-000000000000}.Debug|Any CPU.ActiveCfg = Debug|Any CPU
    {7E494328-0000-0000-0000-000000000000}.Debug|Any CPU.Build.0 = Debug|Any CPU
    {7E494328-0000-0000-0000-000000000000}.Release|Any CPU.ActiveCfg = Release|Any CPU
    {7E494328-0000-0000-0000-000000000000}.Release|Any CPU.Build.0 = Release|Any CPU
  EndGlobalSection
  GlobalSection(SolutionProperties) = preSolution
    HideSolutionNode = FALSE
  EndGlobalSection
EndGlobal
