Microsoft Visual Studio Solution File, Format Version 9.00
# Visual Studio 2005
Project("{FAE04EC0-301F-11D3-BF4B-00C04F79EFBC}") = "OpenSim.Servers", "Servers\OpenSim.Servers.csproj", "{B9D6A5F0-3BD2-4161-8AF1-90C03295D4EE}"
EndProject
Project("{FAE04EC0-301F-11D3-BF4B-00C04F79EFBC}") = "OpenSim.Framework.Console", "OpenSim.Framework.Console\OpenSim.Framework.Console.csproj", "{4B0A7290-36C2-4C74-B9B4-07775B031CF2}"
EndProject
Project("{FAE04EC0-301F-11D3-BF4B-00C04F79EFBC}") = "OpenSim.Config.SimConfigDb4o", "OpenSim.Config\SimConfigDb4o\OpenSim.Config.SimConfigDb4o.csproj", "{A6463B2D-0956-4680-9D03-082199779C66}"
EndProject
Project("{FAE04EC0-301F-11D3-BF4B-00C04F79EFBC}") = "OpenGridServices.UserServer", "OpenGridServices.UserServer\OpenGridServices.UserServer.csproj", "{98EC7DD5-BAB2-4678-AEA1-7C2B27B27BC9}"
EndProject
Project("{FAE04EC0-301F-11D3-BF4B-00C04F79EFBC}") = "OpenSim.GridInterfaces.Remote", "OpenSim.GridInterfaces\Remote\OpenSim.GridInterfaces.Remote.csproj", "{76C00C0A-1AEF-49C9-8E4E-19A529B364E8}"
EndProject
Project("{FAE04EC0-301F-11D3-BF4B-00C04F79EFBC}") = "OpenSim.Storage.LocalStorageDb4o", "OpenSim.Storage\LocalStorageDb4o\OpenSim.Storage.LocalStorageDb4o.csproj", "{55969A66-0E92-4F76-BFF6-2256C6A5CAF7}"
EndProject
Project("{FAE04EC0-301F-11D3-BF4B-00C04F79EFBC}") = "OpenSim.Framework", "OpenSim.Framework\OpenSim.Framework.csproj", "{BD7866A4-04BA-47F0-905F-B2359118F5B2}"
EndProject
Project("{FAE04EC0-301F-11D3-BF4B-00C04F79EFBC}") = "OpenGridServices.GridServer", "OpenGridServices.GridServer\OpenGridServices.GridServer.csproj", "{0CE4ED02-8BB2-439C-8225-E42F2D661D44}"
EndProject
Project("{FAE04EC0-301F-11D3-BF4B-00C04F79EFBC}") = "OpenSim.Physics.OdePlugin", "OpenSim.Physics\OdePlugin\OpenSim.Physics.OdePlugin.csproj", "{F23A90E8-FDED-4D8C-A1B9-2ABE0A8C8EB2}"
EndProject
Project("{FAE04EC0-301F-11D3-BF4B-00C04F79EFBC}") = "OpenSim.Physics.BasicPhysicsPlugin", "OpenSim.Physics\BasicPhysicsPlugin\OpenSim.Physics.BasicPhysicsPlugin.csproj", "{E168B13F-8D18-43E7-8546-C0EC1899579F}"
EndProject
Project("{FAE04EC0-301F-11D3-BF4B-00C04F79EFBC}") = "OpenSim", "OpenSim\OpenSim.csproj", "{8B0B16BC-D9D0-4200-8FEF-6B12AA896EC1}"
EndProject
Project("{FAE04EC0-301F-11D3-BF4B-00C04F79EFBC}") = "OpenSim.RegionServer", "OpenSim.RegionServer\OpenSim.RegionServer.csproj", "{ADD974E2-994C-4998-864E-4B54D8AD5F00}"
EndProject
Project("{FAE04EC0-301F-11D3-BF4B-00C04F79EFBC}") = "OpenSim.Physics.Manager", "OpenSim.Physics\Manager\OpenSim.Physics.Manager.csproj", "{2EAB18A1-8187-4C79-9947-A671F9C007D9}"
EndProject
Project("{FAE04EC0-301F-11D3-BF4B-00C04F79EFBC}") = "OpenSim.GridInterfaces.Local", "OpenSim.GridInterfaces\Local\OpenSim.GridInterfaces.Local.csproj", "{CBC22F47-9CF2-4748-B6C6-85CDAB267554}"
EndProject
Project("{FAE04EC0-301F-11D3-BF4B-00C04F79EFBC}") = "OpenSim.Physics.PhysXPlugin", "OpenSim.Physics\PhysXPlugin\OpenSim.Physics.PhysXPlugin.csproj", "{0EF13F92-86F1-403D-882A-AA9DD4421B32}"
EndProject
Global
  GlobalSection(SolutionConfigurationPlatforms) = preSolution
    Debug|Any CPU = Debug|Any CPU
    Release|Any CPU = Release|Any CPU
  EndGlobalSection
  GlobalSection(ProjectDependencies) = postSolution
    ({B9D6A5F0-3BD2-4161-8AF1-90C03295D4EE}).2 = ({BD7866A4-04BA-47F0-905F-B2359118F5B2})
    ({B9D6A5F0-3BD2-4161-8AF1-90C03295D4EE}).3 = ({4B0A7290-36C2-4C74-B9B4-07775B031CF2})
    ({A6463B2D-0956-4680-9D03-082199779C66}).5 = ({BD7866A4-04BA-47F0-905F-B2359118F5B2})
    ({A6463B2D-0956-4680-9D03-082199779C66}).6 = ({4B0A7290-36C2-4C74-B9B4-07775B031CF2})
    ({98EC7DD5-BAB2-4678-AEA1-7C2B27B27BC9}).4 = ({4B0A7290-36C2-4C74-B9B4-07775B031CF2})
    ({76C00C0A-1AEF-49C9-8E4E-19A529B364E8}).3 = ({BD7866A4-04BA-47F0-905F-B2359118F5B2})
    ({76C00C0A-1AEF-49C9-8E4E-19A529B364E8}).4 = ({4B0A7290-36C2-4C74-B9B4-07775B031CF2})
    ({55969A66-0E92-4F76-BFF6-2256C6A5CAF7}).4 = ({BD7866A4-04BA-47F0-905F-B2359118F5B2})
    ({55969A66-0E92-4F76-BFF6-2256C6A5CAF7}).5 = ({4B0A7290-36C2-4C74-B9B4-07775B031CF2})
    ({0CE4ED02-8BB2-439C-8225-E42F2D661D44}).4 = ({4B0A7290-36C2-4C74-B9B4-07775B031CF2})
    ({F23A90E8-FDED-4D8C-A1B9-2ABE0A8C8EB2}).2 = ({2EAB18A1-8187-4C79-9947-A671F9C007D9})
    ({E168B13F-8D18-43E7-8546-C0EC1899579F}).2 = ({2EAB18A1-8187-4C79-9947-A671F9C007D9})
    ({8B0B16BC-D9D0-4200-8FEF-6B12AA896EC1}).5 = ({BD7866A4-04BA-47F0-905F-B2359118F5B2})
    ({8B0B16BC-D9D0-4200-8FEF-6B12AA896EC1}).6 = ({4B0A7290-36C2-4C74-B9B4-07775B031CF2})
    ({8B0B16BC-D9D0-4200-8FEF-6B12AA896EC1}).7 = ({2EAB18A1-8187-4C79-9947-A671F9C007D9})
    ({8B0B16BC-D9D0-4200-8FEF-6B12AA896EC1}).8 = ({ADD974E2-994C-4998-864E-4B54D8AD5F00})
    ({ADD974E2-994C-4998-864E-4B54D8AD5F00}).5 = ({BD7866A4-04BA-47F0-905F-B2359118F5B2})
    ({ADD974E2-994C-4998-864E-4B54D8AD5F00}).6 = ({4B0A7290-36C2-4C74-B9B4-07775B031CF2})
    ({ADD974E2-994C-4998-864E-4B54D8AD5F00}).7 = ({2EAB18A1-8187-4C79-9947-A671F9C007D9})
    ({ADD974E2-994C-4998-864E-4B54D8AD5F00}).8 = ({B9D6A5F0-3BD2-4161-8AF1-90C03295D4EE})
    ({2EAB18A1-8187-4C79-9947-A671F9C007D9}).3 = ({BD7866A4-04BA-47F0-905F-B2359118F5B2})
    ({2EAB18A1-8187-4C79-9947-A671F9C007D9}).4 = ({4B0A7290-36C2-4C74-B9B4-07775B031CF2})
    ({CBC22F47-9CF2-4748-B6C6-85CDAB267554}).4 = ({BD7866A4-04BA-47F0-905F-B2359118F5B2})
    ({CBC22F47-9CF2-4748-B6C6-85CDAB267554}).5 = ({4B0A7290-36C2-4C74-B9B4-07775B031CF2})
    ({0EF13F92-86F1-403D-882A-AA9DD4421B32}).3 = ({2EAB18A1-8187-4C79-9947-A671F9C007D9})
  EndGlobalSection
  GlobalSection(ProjectConfigurationPlatforms) = postSolution
    {B9D6A5F0-3BD2-4161-8AF1-90C03295D4EE}.Debug|Any CPU.ActiveCfg = Debug|Any CPU
    {B9D6A5F0-3BD2-4161-8AF1-90C03295D4EE}.Debug|Any CPU.Build.0 = Debug|Any CPU
    {B9D6A5F0-3BD2-4161-8AF1-90C03295D4EE}.Release|Any CPU.ActiveCfg = Release|Any CPU
    {B9D6A5F0-3BD2-4161-8AF1-90C03295D4EE}.Release|Any CPU.Build.0 = Release|Any CPU
    {4B0A7290-36C2-4C74-B9B4-07775B031CF2}.Debug|Any CPU.ActiveCfg = Debug|Any CPU
    {4B0A7290-36C2-4C74-B9B4-07775B031CF2}.Debug|Any CPU.Build.0 = Debug|Any CPU
    {4B0A7290-36C2-4C74-B9B4-07775B031CF2}.Release|Any CPU.ActiveCfg = Release|Any CPU
    {4B0A7290-36C2-4C74-B9B4-07775B031CF2}.Release|Any CPU.Build.0 = Release|Any CPU
    {A6463B2D-0956-4680-9D03-082199779C66}.Debug|Any CPU.ActiveCfg = Debug|Any CPU
    {A6463B2D-0956-4680-9D03-082199779C66}.Debug|Any CPU.Build.0 = Debug|Any CPU
    {A6463B2D-0956-4680-9D03-082199779C66}.Release|Any CPU.ActiveCfg = Release|Any CPU
    {A6463B2D-0956-4680-9D03-082199779C66}.Release|Any CPU.Build.0 = Release|Any CPU
    {98EC7DD5-BAB2-4678-AEA1-7C2B27B27BC9}.Debug|Any CPU.ActiveCfg = Debug|Any CPU
    {98EC7DD5-BAB2-4678-AEA1-7C2B27B27BC9}.Debug|Any CPU.Build.0 = Debug|Any CPU
    {98EC7DD5-BAB2-4678-AEA1-7C2B27B27BC9}.Release|Any CPU.ActiveCfg = Release|Any CPU
    {98EC7DD5-BAB2-4678-AEA1-7C2B27B27BC9}.Release|Any CPU.Build.0 = Release|Any CPU
    {76C00C0A-1AEF-49C9-8E4E-19A529B364E8}.Debug|Any CPU.ActiveCfg = Debug|Any CPU
    {76C00C0A-1AEF-49C9-8E4E-19A529B364E8}.Debug|Any CPU.Build.0 = Debug|Any CPU
    {76C00C0A-1AEF-49C9-8E4E-19A529B364E8}.Release|Any CPU.ActiveCfg = Release|Any CPU
    {76C00C0A-1AEF-49C9-8E4E-19A529B364E8}.Release|Any CPU.Build.0 = Release|Any CPU
    {55969A66-0E92-4F76-BFF6-2256C6A5CAF7}.Debug|Any CPU.ActiveCfg = Debug|Any CPU
    {55969A66-0E92-4F76-BFF6-2256C6A5CAF7}.Debug|Any CPU.Build.0 = Debug|Any CPU
    {55969A66-0E92-4F76-BFF6-2256C6A5CAF7}.Release|Any CPU.ActiveCfg = Release|Any CPU
    {55969A66-0E92-4F76-BFF6-2256C6A5CAF7}.Release|Any CPU.Build.0 = Release|Any CPU
    {BD7866A4-04BA-47F0-905F-B2359118F5B2}.Debug|Any CPU.ActiveCfg = Debug|Any CPU
    {BD7866A4-04BA-47F0-905F-B2359118F5B2}.Debug|Any CPU.Build.0 = Debug|Any CPU
    {BD7866A4-04BA-47F0-905F-B2359118F5B2}.Release|Any CPU.ActiveCfg = Release|Any CPU
    {BD7866A4-04BA-47F0-905F-B2359118F5B2}.Release|Any CPU.Build.0 = Release|Any CPU
    {0CE4ED02-8BB2-439C-8225-E42F2D661D44}.Debug|Any CPU.ActiveCfg = Debug|Any CPU
    {0CE4ED02-8BB2-439C-8225-E42F2D661D44}.Debug|Any CPU.Build.0 = Debug|Any CPU
    {0CE4ED02-8BB2-439C-8225-E42F2D661D44}.Release|Any CPU.ActiveCfg = Release|Any CPU
    {0CE4ED02-8BB2-439C-8225-E42F2D661D44}.Release|Any CPU.Build.0 = Release|Any CPU
    {F23A90E8-FDED-4D8C-A1B9-2ABE0A8C8EB2}.Debug|Any CPU.ActiveCfg = Debug|Any CPU
    {F23A90E8-FDED-4D8C-A1B9-2ABE0A8C8EB2}.Debug|Any CPU.Build.0 = Debug|Any CPU
    {F23A90E8-FDED-4D8C-A1B9-2ABE0A8C8EB2}.Release|Any CPU.ActiveCfg = Release|Any CPU
    {F23A90E8-FDED-4D8C-A1B9-2ABE0A8C8EB2}.Release|Any CPU.Build.0 = Release|Any CPU
    {E168B13F-8D18-43E7-8546-C0EC1899579F}.Debug|Any CPU.ActiveCfg = Debug|Any CPU
    {E168B13F-8D18-43E7-8546-C0EC1899579F}.Debug|Any CPU.Build.0 = Debug|Any CPU
    {E168B13F-8D18-43E7-8546-C0EC1899579F}.Release|Any CPU.ActiveCfg = Release|Any CPU
    {E168B13F-8D18-43E7-8546-C0EC1899579F}.Release|Any CPU.Build.0 = Release|Any CPU
    {8B0B16BC-D9D0-4200-8FEF-6B12AA896EC1}.Debug|Any CPU.ActiveCfg = Debug|Any CPU
    {8B0B16BC-D9D0-4200-8FEF-6B12AA896EC1}.Debug|Any CPU.Build.0 = Debug|Any CPU
    {8B0B16BC-D9D0-4200-8FEF-6B12AA896EC1}.Release|Any CPU.ActiveCfg = Release|Any CPU
    {8B0B16BC-D9D0-4200-8FEF-6B12AA896EC1}.Release|Any CPU.Build.0 = Release|Any CPU
    {ADD974E2-994C-4998-864E-4B54D8AD5F00}.Debug|Any CPU.ActiveCfg = Debug|Any CPU
    {ADD974E2-994C-4998-864E-4B54D8AD5F00}.Debug|Any CPU.Build.0 = Debug|Any CPU
    {ADD974E2-994C-4998-864E-4B54D8AD5F00}.Release|Any CPU.ActiveCfg = Release|Any CPU
    {ADD974E2-994C-4998-864E-4B54D8AD5F00}.Release|Any CPU.Build.0 = Release|Any CPU
    {2EAB18A1-8187-4C79-9947-A671F9C007D9}.Debug|Any CPU.ActiveCfg = Debug|Any CPU
    {2EAB18A1-8187-4C79-9947-A671F9C007D9}.Debug|Any CPU.Build.0 = Debug|Any CPU
    {2EAB18A1-8187-4C79-9947-A671F9C007D9}.Release|Any CPU.ActiveCfg = Release|Any CPU
    {2EAB18A1-8187-4C79-9947-A671F9C007D9}.Release|Any CPU.Build.0 = Release|Any CPU
    {CBC22F47-9CF2-4748-B6C6-85CDAB267554}.Debug|Any CPU.ActiveCfg = Debug|Any CPU
    {CBC22F47-9CF2-4748-B6C6-85CDAB267554}.Debug|Any CPU.Build.0 = Debug|Any CPU
    {CBC22F47-9CF2-4748-B6C6-85CDAB267554}.Release|Any CPU.ActiveCfg = Release|Any CPU
    {CBC22F47-9CF2-4748-B6C6-85CDAB267554}.Release|Any CPU.Build.0 = Release|Any CPU
    {0EF13F92-86F1-403D-882A-AA9DD4421B32}.Debug|Any CPU.ActiveCfg = Debug|Any CPU
    {0EF13F92-86F1-403D-882A-AA9DD4421B32}.Debug|Any CPU.Build.0 = Debug|Any CPU
    {0EF13F92-86F1-403D-882A-AA9DD4421B32}.Release|Any CPU.ActiveCfg = Release|Any CPU
    {0EF13F92-86F1-403D-882A-AA9DD4421B32}.Release|Any CPU.Build.0 = Release|Any CPU
  EndGlobalSection
  GlobalSection(SolutionProperties) = preSolution
    HideSolutionNode = FALSE
  EndGlobalSection
EndGlobal
