Microsoft Visual Studio Solution File, Format Version 9.00
# Visual Studio 2005
Project("{FAE04EC0-301F-11D3-BF4B-00C04F79EFBC}") = "OpenSim.Framework.Data", "OpenSim\Framework\Data\OpenSim.Framework.Data.csproj", "{36B72A9B-0000-0000-0000-000000000000}"
EndProject
Project("{FAE04EC0-301F-11D3-BF4B-00C04F79EFBC}") = "OpenSim.Framework.Data.DB4o", "OpenSim\Framework\Data.DB4o\OpenSim.Framework.Data.DB4o.csproj", "{FD2D303D-0000-0000-0000-000000000000}"
EndProject
Project("{FAE04EC0-301F-11D3-BF4B-00C04F79EFBC}") = "OpenSim.Framework.Data.MSSQL", "OpenSim\Framework\Data.MSSQL\OpenSim.Framework.Data.MSSQL.csproj", "{17F7F694-0000-0000-0000-000000000000}"
EndProject
Project("{FAE04EC0-301F-11D3-BF4B-00C04F79EFBC}") = "OpenSim.Framework.Data.MySQL", "OpenSim\Framework\Data.MySQL\OpenSim.Framework.Data.MySQL.csproj", "{17F7F6BE-0000-0000-0000-000000000000}"
EndProject
Project("{FAE04EC0-301F-11D3-BF4B-00C04F79EFBC}") = "OpenSim.Framework.Data.SQLite", "OpenSim\Framework\Data.SQLite\OpenSim.Framework.Data.SQLite.csproj", "{6ECC56A9-0000-0000-0000-000000000000}"
EndProject
Project("{FAE04EC0-301F-11D3-BF4B-00C04F79EFBC}") = "OpenSim.Framework.UserManagement", "OpenSim\Framework\UserManager\OpenSim.Framework.UserManagement.csproj", "{586E2916-0000-0000-0000-000000000000}"
EndProject
Project("{FAE04EC0-301F-11D3-BF4B-00C04F79EFBC}") = "OpenSim.Grid.AssetServer", "OpenSim\Grid\AssetServer\OpenSim.Grid.AssetServer.csproj", "{E5F1A03B-0000-0000-0000-000000000000}"
EndProject
Project("{FAE04EC0-301F-11D3-BF4B-00C04F79EFBC}") = "OpenSim.Grid.Framework.Manager", "OpenSim\Grid\Framework.Manager\OpenSim.Grid.Framework.Manager.csproj", "{4B7BFD1C-0000-0000-0000-000000000000}"
EndProject
Project("{FAE04EC0-301F-11D3-BF4B-00C04F79EFBC}") = "OpenSim.Grid.GridServer", "OpenSim\Grid\GridServer\OpenSim.Grid.GridServer.csproj", "{60FCC3A6-0000-0000-0000-000000000000}"
EndProject
Project("{FAE04EC0-301F-11D3-BF4B-00C04F79EFBC}") = "OpenSim.Grid.GridServer.Config", "OpenSim\Grid\GridServer.Config\OpenSim.Grid.GridServer.Config.csproj", "{1442B635-0000-0000-0000-000000000000}"
EndProject
Project("{FAE04EC0-301F-11D3-BF4B-00C04F79EFBC}") = "OpenSim.Grid.UserServer", "OpenSim\Grid\UserServer\OpenSim.Grid.UserServer.csproj", "{2FC96F92-0000-0000-0000-000000000000}"
EndProject
Project("{FAE04EC0-301F-11D3-BF4B-00C04F79EFBC}") = "OpenSim.Grid.UserServer.Config", "OpenSim\Grid\UserServer.Config\OpenSim.Grid.UserServer.Config.csproj", "{08F87229-0000-0000-0000-000000000000}"
EndProject
Global
  GlobalSection(SolutionConfigurationPlatforms) = preSolution
    Debug|Any CPU = Debug|Any CPU
    Release|Any CPU = Release|Any CPU
  EndGlobalSection
  GlobalSection(ProjectDependencies) = postSolution
    ({FD2D303D-0000-0000-0000-000000000000}).2 = ({36B72A9B-0000-0000-0000-000000000000})
    ({17F7F694-0000-0000-0000-000000000000}).1 = ({36B72A9B-0000-0000-0000-000000000000})
    ({17F7F6BE-0000-0000-0000-000000000000}).2 = ({36B72A9B-0000-0000-0000-000000000000})
    ({6ECC56A9-0000-0000-0000-000000000000}).1 = ({36B72A9B-0000-0000-0000-000000000000})
    ({586E2916-0000-0000-0000-000000000000}).4 = ({36B72A9B-0000-0000-0000-000000000000})
    ({60FCC3A6-0000-0000-0000-000000000000}).4 = ({36B72A9B-0000-0000-0000-000000000000})
    ({60FCC3A6-0000-0000-0000-000000000000}).7 = ({4B7BFD1C-0000-0000-0000-000000000000})
    ({2FC96F92-0000-0000-0000-000000000000}).4 = ({36B72A9B-0000-0000-0000-000000000000})
  EndGlobalSection
  GlobalSection(ProjectConfigurationPlatforms) = postSolution
    {36B72A9B-0000-0000-0000-000000000000}.Debug|Any CPU.ActiveCfg = Debug|Any CPU
    {36B72A9B-0000-0000-0000-000000000000}.Debug|Any CPU.Build.0 = Debug|Any CPU
    {36B72A9B-0000-0000-0000-000000000000}.Release|Any CPU.ActiveCfg = Release|Any CPU
    {36B72A9B-0000-0000-0000-000000000000}.Release|Any CPU.Build.0 = Release|Any CPU
    {FD2D303D-0000-0000-0000-000000000000}.Debug|Any CPU.ActiveCfg = Debug|Any CPU
    {FD2D303D-0000-0000-0000-000000000000}.Debug|Any CPU.Build.0 = Debug|Any CPU
    {FD2D303D-0000-0000-0000-000000000000}.Release|Any CPU.ActiveCfg = Release|Any CPU
    {FD2D303D-0000-0000-0000-000000000000}.Release|Any CPU.Build.0 = Release|Any CPU
    {17F7F694-0000-0000-0000-000000000000}.Debug|Any CPU.ActiveCfg = Debug|Any CPU
    {17F7F694-0000-0000-0000-000000000000}.Debug|Any CPU.Build.0 = Debug|Any CPU
    {17F7F694-0000-0000-0000-000000000000}.Release|Any CPU.ActiveCfg = Release|Any CPU
    {17F7F694-0000-0000-0000-000000000000}.Release|Any CPU.Build.0 = Release|Any CPU
    {17F7F6BE-0000-0000-0000-000000000000}.Debug|Any CPU.ActiveCfg = Debug|Any CPU
    {17F7F6BE-0000-0000-0000-000000000000}.Debug|Any CPU.Build.0 = Debug|Any CPU
    {17F7F6BE-0000-0000-0000-000000000000}.Release|Any CPU.ActiveCfg = Release|Any CPU
    {17F7F6BE-0000-0000-0000-000000000000}.Release|Any CPU.Build.0 = Release|Any CPU
    {6ECC56A9-0000-0000-0000-000000000000}.Debug|Any CPU.ActiveCfg = Debug|Any CPU
    {6ECC56A9-0000-0000-0000-000000000000}.Debug|Any CPU.Build.0 = Debug|Any CPU
    {6ECC56A9-0000-0000-0000-000000000000}.Release|Any CPU.ActiveCfg = Release|Any CPU
    {6ECC56A9-0000-0000-0000-000000000000}.Release|Any CPU.Build.0 = Release|Any CPU
    {586E2916-0000-0000-0000-000000000000}.Debug|Any CPU.ActiveCfg = Debug|Any CPU
    {586E2916-0000-0000-0000-000000000000}.Debug|Any CPU.Build.0 = Debug|Any CPU
    {586E2916-0000-0000-0000-000000000000}.Release|Any CPU.ActiveCfg = Release|Any CPU
    {586E2916-0000-0000-0000-000000000000}.Release|Any CPU.Build.0 = Release|Any CPU
    {E5F1A03B-0000-0000-0000-000000000000}.Debug|Any CPU.ActiveCfg = Debug|Any CPU
    {E5F1A03B-0000-0000-0000-000000000000}.Debug|Any CPU.Build.0 = Debug|Any CPU
    {E5F1A03B-0000-0000-0000-000000000000}.Release|Any CPU.ActiveCfg = Release|Any CPU
    {E5F1A03B-0000-0000-0000-000000000000}.Release|Any CPU.Build.0 = Release|Any CPU
    {4B7BFD1C-0000-0000-0000-000000000000}.Debug|Any CPU.ActiveCfg = Debug|Any CPU
    {4B7BFD1C-0000-0000-0000-000000000000}.Debug|Any CPU.Build.0 = Debug|Any CPU
    {4B7BFD1C-0000-0000-0000-000000000000}.Release|Any CPU.ActiveCfg = Release|Any CPU
    {4B7BFD1C-0000-0000-0000-000000000000}.Release|Any CPU.Build.0 = Release|Any CPU
    {60FCC3A6-0000-0000-0000-000000000000}.Debug|Any CPU.ActiveCfg = Debug|Any CPU
    {60FCC3A6-0000-0000-0000-000000000000}.Debug|Any CPU.Build.0 = Debug|Any CPU
    {60FCC3A6-0000-0000-0000-000000000000}.Release|Any CPU.ActiveCfg = Release|Any CPU
    {60FCC3A6-0000-0000-0000-000000000000}.Release|Any CPU.Build.0 = Release|Any CPU
    {1442B635-0000-0000-0000-000000000000}.Debug|Any CPU.ActiveCfg = Debug|Any CPU
    {1442B635-0000-0000-0000-000000000000}.Debug|Any CPU.Build.0 = Debug|Any CPU
    {1442B635-0000-0000-0000-000000000000}.Release|Any CPU.ActiveCfg = Release|Any CPU
    {1442B635-0000-0000-0000-000000000000}.Release|Any CPU.Build.0 = Release|Any CPU
    {2FC96F92-0000-0000-0000-000000000000}.Debug|Any CPU.ActiveCfg = Debug|Any CPU
    {2FC96F92-0000-0000-0000-000000000000}.Debug|Any CPU.Build.0 = Debug|Any CPU
    {2FC96F92-0000-0000-0000-000000000000}.Release|Any CPU.ActiveCfg = Release|Any CPU
    {2FC96F92-0000-0000-0000-000000000000}.Release|Any CPU.Build.0 = Release|Any CPU
    {08F87229-0000-0000-0000-000000000000}.Debug|Any CPU.ActiveCfg = Debug|Any CPU
    {08F87229-0000-0000-0000-000000000000}.Debug|Any CPU.Build.0 = Debug|Any CPU
    {08F87229-0000-0000-0000-000000000000}.Release|Any CPU.ActiveCfg = Release|Any CPU
    {08F87229-0000-0000-0000-000000000000}.Release|Any CPU.Build.0 = Release|Any CPU
  EndGlobalSection
  GlobalSection(SolutionProperties) = preSolution
    HideSolutionNode = FALSE
  EndGlobalSection
EndGlobal
