Microsoft Visual Studio Solution File, Format Version 9.00
# Visual Studio 2005
Project("{FAE04EC0-301F-11D3-BF4B-00C04F79EFBC}") = "OpenSim.Servers", "Servers\OpenSim.Servers.csproj", "{2EF6000C-A72B-4CBF-99A8-ECDAE8ED41DE}"
EndProject
Project("{FAE04EC0-301F-11D3-BF4B-00C04F79EFBC}") = "OpenSim.Framework.Console", "OpenSim.Framework.Console\OpenSim.Framework.Console.csproj", "{4E3D1135-5AD9-4C23-BB9A-E4FCCA4B0BC7}"
EndProject
Project("{FAE04EC0-301F-11D3-BF4B-00C04F79EFBC}") = "OpenSim.Config.SimConfigDb4o", "OpenSim.Config\SimConfigDb4o\OpenSim.Config.SimConfigDb4o.csproj", "{5A62A666-A8D9-4604-ABBD-1B7753B91472}"
EndProject
Project("{FAE04EC0-301F-11D3-BF4B-00C04F79EFBC}") = "OpenGridServices.UserServer", "OpenGridServices.UserServer\OpenGridServices.UserServer.csproj", "{23D7D30C-E0CF-4AEB-8DDF-AC14C70F1D19}"
EndProject
Project("{FAE04EC0-301F-11D3-BF4B-00C04F79EFBC}") = "OpenSim.GridInterfaces.Remote", "OpenSim.GridInterfaces\Remote\OpenSim.GridInterfaces.Remote.csproj", "{283379F3-2B5E-497E-83C6-AFD53A27FD56}"
EndProject
Project("{FAE04EC0-301F-11D3-BF4B-00C04F79EFBC}") = "OpenSim.Storage.LocalStorageDb4o", "OpenSim.Storage\LocalStorageDb4o\OpenSim.Storage.LocalStorageDb4o.csproj", "{094D67CC-5605-4F32-891F-F026CF6068D0}"
EndProject
Project("{FAE04EC0-301F-11D3-BF4B-00C04F79EFBC}") = "OpenSim.Framework", "OpenSim.Framework\OpenSim.Framework.csproj", "{6CE3530E-1D8E-47D8-9B6D-82A86E71D657}"
EndProject
Project("{FAE04EC0-301F-11D3-BF4B-00C04F79EFBC}") = "OpenGridServices.GridServer", "OpenGridServices.GridServer\OpenGridServices.GridServer.csproj", "{743D1061-2AAE-4800-8596-CC2DAF2EA7BB}"
EndProject
Project("{FAE04EC0-301F-11D3-BF4B-00C04F79EFBC}") = "OpenSim.Physics.OdePlugin", "OpenSim.Physics\OdePlugin\OpenSim.Physics.OdePlugin.csproj", "{1B7DDBC8-A2BC-45E3-AB85-4B4B1008E24B}"
EndProject
Project("{FAE04EC0-301F-11D3-BF4B-00C04F79EFBC}") = "OpenSim.Physics.BasicPhysicsPlugin", "OpenSim.Physics\BasicPhysicsPlugin\OpenSim.Physics.BasicPhysicsPlugin.csproj", "{BE38C520-803E-40AD-9370-E6D143B9A5F8}"
EndProject
Project("{FAE04EC0-301F-11D3-BF4B-00C04F79EFBC}") = "OpenSim", "OpenSim\OpenSim.csproj", "{FD466C1A-5A7A-4764-83DB-439CD977917D}"
EndProject
Project("{FAE04EC0-301F-11D3-BF4B-00C04F79EFBC}") = "OpenSim.RegionServer", "OpenSim.RegionServer\OpenSim.RegionServer.csproj", "{90F935D0-00A6-4A5D-82F0-BB7FB8AFC99D}"
EndProject
Project("{FAE04EC0-301F-11D3-BF4B-00C04F79EFBC}") = "OpenSim.Physics.Manager", "OpenSim.Physics\Manager\OpenSim.Physics.Manager.csproj", "{7D98B8F9-1409-40DD-8A8F-9B7669761B6C}"
EndProject
Project("{FAE04EC0-301F-11D3-BF4B-00C04F79EFBC}") = "OpenSim.GridInterfaces.Local", "OpenSim.GridInterfaces\Local\OpenSim.GridInterfaces.Local.csproj", "{7EE18181-5891-405A-9590-E2D4EE5A2772}"
EndProject
Project("{FAE04EC0-301F-11D3-BF4B-00C04F79EFBC}") = "OpenSim.Physics.PhysXPlugin", "OpenSim.Physics\PhysXPlugin\OpenSim.Physics.PhysXPlugin.csproj", "{C9BF395E-17FF-4AD6-821D-91907F33F5B7}"
EndProject
Global
	GlobalSection(SolutionConfigurationPlatforms) = preSolution
		Debug|Any CPU = Debug|Any CPU
		Release|Any CPU = Release|Any CPU
	EndGlobalSection
	GlobalSection(ProjectConfigurationPlatforms) = postSolution
		{2EF6000C-A72B-4CBF-99A8-ECDAE8ED41DE}.Debug|Any CPU.ActiveCfg = Debug|Any CPU
		{2EF6000C-A72B-4CBF-99A8-ECDAE8ED41DE}.Debug|Any CPU.Build.0 = Debug|Any CPU
		{2EF6000C-A72B-4CBF-99A8-ECDAE8ED41DE}.Release|Any CPU.ActiveCfg = Release|Any CPU
		{2EF6000C-A72B-4CBF-99A8-ECDAE8ED41DE}.Release|Any CPU.Build.0 = Release|Any CPU
		{4E3D1135-5AD9-4C23-BB9A-E4FCCA4B0BC7}.Debug|Any CPU.ActiveCfg = Debug|Any CPU
		{4E3D1135-5AD9-4C23-BB9A-E4FCCA4B0BC7}.Debug|Any CPU.Build.0 = Debug|Any CPU
		{4E3D1135-5AD9-4C23-BB9A-E4FCCA4B0BC7}.Release|Any CPU.ActiveCfg = Release|Any CPU
		{4E3D1135-5AD9-4C23-BB9A-E4FCCA4B0BC7}.Release|Any CPU.Build.0 = Release|Any CPU
		{5A62A666-A8D9-4604-ABBD-1B7753B91472}.Debug|Any CPU.ActiveCfg = Debug|Any CPU
		{5A62A666-A8D9-4604-ABBD-1B7753B91472}.Debug|Any CPU.Build.0 = Debug|Any CPU
		{5A62A666-A8D9-4604-ABBD-1B7753B91472}.Release|Any CPU.ActiveCfg = Release|Any CPU
		{5A62A666-A8D9-4604-ABBD-1B7753B91472}.Release|Any CPU.Build.0 = Release|Any CPU
		{23D7D30C-E0CF-4AEB-8DDF-AC14C70F1D19}.Debug|Any CPU.ActiveCfg = Debug|Any CPU
		{23D7D30C-E0CF-4AEB-8DDF-AC14C70F1D19}.Debug|Any CPU.Build.0 = Debug|Any CPU
		{23D7D30C-E0CF-4AEB-8DDF-AC14C70F1D19}.Release|Any CPU.ActiveCfg = Release|Any CPU
		{23D7D30C-E0CF-4AEB-8DDF-AC14C70F1D19}.Release|Any CPU.Build.0 = Release|Any CPU
		{283379F3-2B5E-497E-83C6-AFD53A27FD56}.Debug|Any CPU.ActiveCfg = Debug|Any CPU
		{283379F3-2B5E-497E-83C6-AFD53A27FD56}.Debug|Any CPU.Build.0 = Debug|Any CPU
		{283379F3-2B5E-497E-83C6-AFD53A27FD56}.Release|Any CPU.ActiveCfg = Release|Any CPU
		{283379F3-2B5E-497E-83C6-AFD53A27FD56}.Release|Any CPU.Build.0 = Release|Any CPU
		{094D67CC-5605-4F32-891F-F026CF6068D0}.Debug|Any CPU.ActiveCfg = Debug|Any CPU
		{094D67CC-5605-4F32-891F-F026CF6068D0}.Debug|Any CPU.Build.0 = Debug|Any CPU
		{094D67CC-5605-4F32-891F-F026CF6068D0}.Release|Any CPU.ActiveCfg = Release|Any CPU
		{094D67CC-5605-4F32-891F-F026CF6068D0}.Release|Any CPU.Build.0 = Release|Any CPU
		{6CE3530E-1D8E-47D8-9B6D-82A86E71D657}.Debug|Any CPU.ActiveCfg = Debug|Any CPU
		{6CE3530E-1D8E-47D8-9B6D-82A86E71D657}.Debug|Any CPU.Build.0 = Debug|Any CPU
		{6CE3530E-1D8E-47D8-9B6D-82A86E71D657}.Release|Any CPU.ActiveCfg = Release|Any CPU
		{6CE3530E-1D8E-47D8-9B6D-82A86E71D657}.Release|Any CPU.Build.0 = Release|Any CPU
		{743D1061-2AAE-4800-8596-CC2DAF2EA7BB}.Debug|Any CPU.ActiveCfg = Debug|Any CPU
		{743D1061-2AAE-4800-8596-CC2DAF2EA7BB}.Debug|Any CPU.Build.0 = Debug|Any CPU
		{743D1061-2AAE-4800-8596-CC2DAF2EA7BB}.Release|Any CPU.ActiveCfg = Release|Any CPU
		{743D1061-2AAE-4800-8596-CC2DAF2EA7BB}.Release|Any CPU.Build.0 = Release|Any CPU
		{1B7DDBC8-A2BC-45E3-AB85-4B4B1008E24B}.Debug|Any CPU.ActiveCfg = Debug|Any CPU
		{1B7DDBC8-A2BC-45E3-AB85-4B4B1008E24B}.Debug|Any CPU.Build.0 = Debug|Any CPU
		{1B7DDBC8-A2BC-45E3-AB85-4B4B1008E24B}.Release|Any CPU.ActiveCfg = Release|Any CPU
		{1B7DDBC8-A2BC-45E3-AB85-4B4B1008E24B}.Release|Any CPU.Build.0 = Release|Any CPU
		{BE38C520-803E-40AD-9370-E6D143B9A5F8}.Debug|Any CPU.ActiveCfg = Debug|Any CPU
		{BE38C520-803E-40AD-9370-E6D143B9A5F8}.Debug|Any CPU.Build.0 = Debug|Any CPU
		{BE38C520-803E-40AD-9370-E6D143B9A5F8}.Release|Any CPU.ActiveCfg = Release|Any CPU
		{BE38C520-803E-40AD-9370-E6D143B9A5F8}.Release|Any CPU.Build.0 = Release|Any CPU
		{FD466C1A-5A7A-4764-83DB-439CD977917D}.Debug|Any CPU.ActiveCfg = Debug|Any CPU
		{FD466C1A-5A7A-4764-83DB-439CD977917D}.Debug|Any CPU.Build.0 = Debug|Any CPU
		{FD466C1A-5A7A-4764-83DB-439CD977917D}.Release|Any CPU.ActiveCfg = Release|Any CPU
		{FD466C1A-5A7A-4764-83DB-439CD977917D}.Release|Any CPU.Build.0 = Release|Any CPU
		{90F935D0-00A6-4A5D-82F0-BB7FB8AFC99D}.Debug|Any CPU.ActiveCfg = Debug|Any CPU
		{90F935D0-00A6-4A5D-82F0-BB7FB8AFC99D}.Debug|Any CPU.Build.0 = Debug|Any CPU
		{90F935D0-00A6-4A5D-82F0-BB7FB8AFC99D}.Release|Any CPU.ActiveCfg = Release|Any CPU
		{90F935D0-00A6-4A5D-82F0-BB7FB8AFC99D}.Release|Any CPU.Build.0 = Release|Any CPU
		{7D98B8F9-1409-40DD-8A8F-9B7669761B6C}.Debug|Any CPU.ActiveCfg = Debug|Any CPU
		{7D98B8F9-1409-40DD-8A8F-9B7669761B6C}.Debug|Any CPU.Build.0 = Debug|Any CPU
		{7D98B8F9-1409-40DD-8A8F-9B7669761B6C}.Release|Any CPU.ActiveCfg = Release|Any CPU
		{7D98B8F9-1409-40DD-8A8F-9B7669761B6C}.Release|Any CPU.Build.0 = Release|Any CPU
		{7EE18181-5891-405A-9590-E2D4EE5A2772}.Debug|Any CPU.ActiveCfg = Debug|Any CPU
		{7EE18181-5891-405A-9590-E2D4EE5A2772}.Debug|Any CPU.Build.0 = Debug|Any CPU
		{7EE18181-5891-405A-9590-E2D4EE5A2772}.Release|Any CPU.ActiveCfg = Release|Any CPU
		{7EE18181-5891-405A-9590-E2D4EE5A2772}.Release|Any CPU.Build.0 = Release|Any CPU
		{C9BF395E-17FF-4AD6-821D-91907F33F5B7}.Debug|Any CPU.ActiveCfg = Debug|Any CPU
		{C9BF395E-17FF-4AD6-821D-91907F33F5B7}.Debug|Any CPU.Build.0 = Debug|Any CPU
		{C9BF395E-17FF-4AD6-821D-91907F33F5B7}.Release|Any CPU.ActiveCfg = Release|Any CPU
		{C9BF395E-17FF-4AD6-821D-91907F33F5B7}.Release|Any CPU.Build.0 = Release|Any CPU
	EndGlobalSection
	GlobalSection(SolutionProperties) = preSolution
		HideSolutionNode = FALSE
	EndGlobalSection
EndGlobal
