Microsoft Visual Studio Solution File, Format Version 9.00
# Visual Studio 2005
Project("{FAE04EC0-301F-11D3-BF4B-00C04F79EFBC}") = "Ode.NET", "Ode/Ode.NET.csproj", "{15BEBF6A-B4BC-8B4C-B81D-C35C9216B35A}"
	ProjectSection(ProjectDependencies) = postProject
	EndProjectSection
EndProject
Global
	GlobalSection(SolutionConfigurationPlatforms) = preSolution
		Debug|Any CPU = Debug|Any CPU
		Release|Any CPU = Release|Any CPU
	EndGlobalSection
	GlobalSection(ProjectConfigurationPlatforms) = postSolution
		{15BEBF6A-B4BC-8B4C-B81D-C35C9216B35A}.Debug|Any CPU.ActiveCfg = Debug|Any CPU
		{15BEBF6A-B4BC-8B4C-B81D-C35C9216B35A}.Debug|Any CPU.Build.0 = Debug|Any CPU
		{15BEBF6A-B4BC-8B4C-B81D-C35C9216B35A}.Release|Any CPU.ActiveCfg = Release|Any CPU
		{15BEBF6A-B4BC-8B4C-B81D-C35C9216B35A}.Release|Any CPU.Build.0 = Release|Any CPU
	EndGlobalSection
	GlobalSection(SolutionProperties) = preSolution
		HideSolutionNode = FALSE
	EndGlobalSection
EndGlobal
