
Microsoft Visual Studio Solution File, Format Version 9.00
# SharpDevelop 2.1.0.2017
Project("{FAE04EC0-301F-11D3-BF4B-00C04F79EFBC}") = "GridInterfaces", "GridInterfaces.csproj", "{5DA3174D-42F9-416D-9F0B-AF41FA2BE2F9}"
EndProject
Global
	GlobalSection(SolutionConfigurationPlatforms) = preSolution
		Debug|Any CPU = Debug|Any CPU
		Release|Any CPU = Release|Any CPU
	EndGlobalSection
	GlobalSection(ProjectConfigurationPlatforms) = postSolution
		{5DA3174D-42F9-416D-9F0B-AF41FA2BE2F9}.Debug|Any CPU.Build.0 = Debug|Any CPU
		{5DA3174D-42F9-416D-9F0B-AF41FA2BE2F9}.Debug|Any CPU.ActiveCfg = Debug|Any CPU
		{5DA3174D-42F9-416D-9F0B-AF41FA2BE2F9}.Release|Any CPU.Build.0 = Release|Any CPU
		{5DA3174D-42F9-416D-9F0B-AF41FA2BE2F9}.Release|Any CPU.ActiveCfg = Release|Any CPU
	EndGlobalSection
EndGlobal
