Microsoft Visual Studio Solution File, Format Version 9.00
# Visual Studio 2005
Project("{FAE04EC0-301F-11D3-BF4B-00C04F79EFBC}") = "Ode.NET", "Ode/Ode.NET.csproj", "{637D89E7-AA43-EB43-9D2C-5210B740F36B}"
	ProjectSection(ProjectDependencies) = postProject
	EndProjectSection
EndProject
Global
	GlobalSection(SolutionConfigurationPlatforms) = preSolution
		Debug|Any CPU = Debug|Any CPU
		Release|Any CPU = Release|Any CPU
	EndGlobalSection
	GlobalSection(ProjectConfigurationPlatforms) = postSolution
		{637D89E7-AA43-EB43-9D2C-5210B740F36B}.Debug|Any CPU.ActiveCfg = Debug|Any CPU
		{637D89E7-AA43-EB43-9D2C-5210B740F36B}.Debug|Any CPU.Build.0 = Debug|Any CPU
		{637D89E7-AA43-EB43-9D2C-5210B740F36B}.Release|Any CPU.ActiveCfg = Release|Any CPU
		{637D89E7-AA43-EB43-9D2C-5210B740F36B}.Release|Any CPU.Build.0 = Release|Any CPU
	EndGlobalSection
	GlobalSection(SolutionProperties) = preSolution
		HideSolutionNode = FALSE
	EndGlobalSection
EndGlobal
