
Microsoft Visual Studio Solution File, Format Version 9.00
# Visual Studio 2005
Project("{FAE04EC0-301F-11D3-BF4B-00C04F79EFBC}") = "libTerrainTests", "libTerrainTests\libTerrainTests.csproj", "{7214C9E2-1390-41BD-BFFC-83FA5931C5CF}"
EndProject
Project("{FAE04EC0-301F-11D3-BF4B-00C04F79EFBC}") = "libTerrain-BSD", "libTerrain\libTerrain-BSD.csproj", "{EEC06368-30E8-42E8-A23C-2C9D139AD495}"
EndProject
Global
	GlobalSection(SolutionConfigurationPlatforms) = preSolution
		Debug|Any CPU = Debug|Any CPU
		Release|Any CPU = Release|Any CPU
	EndGlobalSection
	GlobalSection(ProjectConfigurationPlatforms) = postSolution
		{7214C9E2-1390-41BD-BFFC-83FA5931C5CF}.Debug|Any CPU.ActiveCfg = Debug|Any CPU
		{7214C9E2-1390-41BD-BFFC-83FA5931C5CF}.Debug|Any CPU.Build.0 = Debug|Any CPU
		{7214C9E2-1390-41BD-BFFC-83FA5931C5CF}.Release|Any CPU.ActiveCfg = Release|Any CPU
		{7214C9E2-1390-41BD-BFFC-83FA5931C5CF}.Release|Any CPU.Build.0 = Release|Any CPU
		{EEC06368-30E8-42E8-A23C-2C9D139AD495}.Debug|Any CPU.ActiveCfg = Debug|Any CPU
		{EEC06368-30E8-42E8-A23C-2C9D139AD495}.Debug|Any CPU.Build.0 = Debug|Any CPU
		{EEC06368-30E8-42E8-A23C-2C9D139AD495}.Release|Any CPU.ActiveCfg = Release|Any CPU
		{EEC06368-30E8-42E8-A23C-2C9D139AD495}.Release|Any CPU.Build.0 = Release|Any CPU
	EndGlobalSection
	GlobalSection(SolutionProperties) = preSolution
		HideSolutionNode = FALSE
	EndGlobalSection
EndGlobal
