Microsoft Visual Studio Solution File, Format Version 9.00
# Visual Studio 2005
Project("{FAE04EC0-301F-11D3-BF4B-00C04F79EFBC}") = "Prebuild", "src\Prebuild.csproj", "{90DC3E1A-3A71-47DA-A7BE-CDA0C9828E1D}"
EndProject
Global
  GlobalSection(SolutionConfigurationPlatforms) = preSolution
    Debug|Any CPU = Debug|Any CPU
    Release|Any CPU = Release|Any CPU
  EndGlobalSection
  GlobalSection(ProjectConfigurationPlatforms) = postSolution
    {90DC3E1A-3A71-47DA-A7BE-CDA0C9828E1D}.Debug|Any CPU.ActiveCfg = Debug|Any CPU
    {90DC3E1A-3A71-47DA-A7BE-CDA0C9828E1D}.Debug|Any CPU.Build.0 = Debug|Any CPU
    {90DC3E1A-3A71-47DA-A7BE-CDA0C9828E1D}.Release|Any CPU.ActiveCfg = Release|Any CPU
    {90DC3E1A-3A71-47DA-A7BE-CDA0C9828E1D}.Release|Any CPU.Build.0 = Release|Any CPU
  EndGlobalSection
  GlobalSection(SolutionProperties) = preSolution
    HideSolutionNode = FALSE
  EndGlobalSection
EndGlobal
