Microsoft Visual Studio Solution File, Format Version 9.00
# Visual Studio 2005
Project("{FAE04EC0-301F-11D3-BF4B-00C04F79EFBC}") = "Prebuild", "src\Prebuild.csproj", "{912F8E52-C5A0-4912-A702-D6DC3F1B4B54}"
EndProject
Global
  GlobalSection(SolutionConfigurationPlatforms) = preSolution
    Debug|Any CPU = Debug|Any CPU
    Release|Any CPU = Release|Any CPU
  EndGlobalSection
  GlobalSection(ProjectConfigurationPlatforms) = postSolution
    {912F8E52-C5A0-4912-A702-D6DC3F1B4B54}.Debug|Any CPU.ActiveCfg = Debug|Any CPU
    {912F8E52-C5A0-4912-A702-D6DC3F1B4B54}.Debug|Any CPU.Build.0 = Debug|Any CPU
    {912F8E52-C5A0-4912-A702-D6DC3F1B4B54}.Release|Any CPU.ActiveCfg = Release|Any CPU
    {912F8E52-C5A0-4912-A702-D6DC3F1B4B54}.Release|Any CPU.Build.0 = Release|Any CPU
  EndGlobalSection
  GlobalSection(SolutionProperties) = preSolution
    HideSolutionNode = FALSE
  EndGlobalSection
EndGlobal
