Microsoft Visual Studio Solution File, Format Version 9.00
# Visual C# Express 2005
Project("{FAE04EC0-301F-11D3-BF4B-00C04F79EFBC}") = "Prebuild", "src\Prebuild.csproj", "{F7B3D806-20FD-4181-86F1-96E24A9EC850}"
EndProject
Project("{2150E333-8FDC-42A3-9474-1A3956D46DE8}") = "Solution Items", "Solution Items", "{468F1D07-AD17-4CC3-ABD0-2CA268E4E1A6}"
	ProjectSection(SolutionItems) = preProject
		prebuild.xml = prebuild.xml
		prebuild = prebuild
	EndProjectSection
EndProject
Global
	GlobalSection(SolutionConfigurationPlatforms) = preSolution
		Debug|Any CPU = Debug|Any CPU
		Release|Any CPU = Release|Any CPU
	EndGlobalSection
	GlobalSection(ProjectConfigurationPlatforms) = postSolution
		{F7B3D806-20FD-4181-86F1-96E24A9EC850}.Debug|Any CPU.ActiveCfg = Debug|Any CPU
		{F7B3D806-20FD-4181-86F1-96E24A9EC850}.Debug|Any CPU.Build.0 = Debug|Any CPU
		{F7B3D806-20FD-4181-86F1-96E24A9EC850}.Release|Any CPU.ActiveCfg = Release|Any CPU
		{F7B3D806-20FD-4181-86F1-96E24A9EC850}.Release|Any CPU.Build.0 = Release|Any CPU
	EndGlobalSection
	GlobalSection(SolutionProperties) = preSolution
		HideSolutionNode = FALSE
	EndGlobalSection
EndGlobal
